
Microsoft Visual Studio Solution File, Format Version 12.00
# Visual Studio Version 16
VisualStudioVersion = 16.0.31105.61
MinimumVisualStudioVersion = 10.0.40219.1
Project("{FAE04EC0-301F-11D3-BF4B-00C04F79EFBC}") = "Radyo", "Radyo\Radyo.csproj", "{311C4F1C-4AE0-4D68-9EBA-FD516F3F1BED}"
EndProject
Global
	GlobalSection(SolutionConfigurationPlatforms) = preSolution
		Debug|Any CPU = Debug|Any CPU
		Release|Any CPU = Release|Any CPU
	EndGlobalSection
	GlobalSection(ProjectConfigurationPlatforms) = postSolution
		{311C4F1C-4AE0-4D68-9EBA-FD516F3F1BED}.Debug|Any CPU.ActiveCfg = Debug|Any CPU
		{311C4F1C-4AE0-4D68-9EBA-FD516F3F1BED}.Debug|Any CPU.Build.0 = Debug|Any CPU
		{311C4F1C-4AE0-4D68-9EBA-FD516F3F1BED}.Release|Any CPU.ActiveCfg = Release|Any CPU
		{311C4F1C-4AE0-4D68-9EBA-FD516F3F1BED}.Release|Any CPU.Build.0 = Release|Any CPU
	EndGlobalSection
	GlobalSection(SolutionProperties) = preSolution
		HideSolutionNode = FALSE
	EndGlobalSection
	GlobalSection(ExtensibilityGlobals) = postSolution
		SolutionGuid = {12094642-3F9B-4780-AA95-60CBB122601E}
	EndGlobalSection
EndGlobal
